
Microsoft Visual Studio Solution File, Format Version 12.00
# Visual Studio 15
VisualStudioVersion = 15.0.28307.421
MinimumVisualStudioVersion = 10.0.40219.1
Project("{FAE04EC0-301F-11D3-BF4B-00C04F79EFBC}") = "Jipp5MZ", "Jipp5MZ\Jipp5MZ.csproj", "{B33738EC-5336-434C-BB3B-0E490FD717CA}"
EndProject
Global
	GlobalSection(SolutionConfigurationPlatforms) = preSolution
		Debug|Any CPU = Debug|Any CPU
		Release|Any CPU = Release|Any CPU
	EndGlobalSection
	GlobalSection(ProjectConfigurationPlatforms) = postSolution
		{B33738EC-5336-434C-BB3B-0E490FD717CA}.Debug|Any CPU.ActiveCfg = Debug|Any CPU
		{B33738EC-5336-434C-BB3B-0E490FD717CA}.Debug|Any CPU.Build.0 = Debug|Any CPU
		{B33738EC-5336-434C-BB3B-0E490FD717CA}.Release|Any CPU.ActiveCfg = Release|Any CPU
		{B33738EC-5336-434C-BB3B-0E490FD717CA}.Release|Any CPU.Build.0 = Release|Any CPU
	EndGlobalSection
	GlobalSection(SolutionProperties) = preSolution
		HideSolutionNode = FALSE
	EndGlobalSection
	GlobalSection(ExtensibilityGlobals) = postSolution
		SolutionGuid = {A14F1211-7C89-487E-8B6A-EBF1593E330C}
	EndGlobalSection
EndGlobal
